
Microsoft Visual Studio Solution File, Format Version 12.00
# Visual Studio Version 17
VisualStudioVersion = 17.6.33815.320
MinimumVisualStudioVersion = 10.0.40219.1
Project("{FAE04EC0-301F-11D3-BF4B-00C04F79EFBC}") = "HandsOnProjectApi", "HandsOnProjectApi\HandsOnProjectApi.csproj", "{3FA12FA6-A82C-40BB-A98A-63AEEEFC07CB}"
EndProject
Global
	GlobalSection(SolutionConfigurationPlatforms) = preSolution
		Debug|Any CPU = Debug|Any CPU
		Release|Any CPU = Release|Any CPU
	EndGlobalSection
	GlobalSection(ProjectConfigurationPlatforms) = postSolution
		{3FA12FA6-A82C-40BB-A98A-63AEEEFC07CB}.Debug|Any CPU.ActiveCfg = Debug|Any CPU
		{3FA12FA6-A82C-40BB-A98A-63AEEEFC07CB}.Debug|Any CPU.Build.0 = Debug|Any CPU
		{3FA12FA6-A82C-40BB-A98A-63AEEEFC07CB}.Release|Any CPU.ActiveCfg = Release|Any CPU
		{3FA12FA6-A82C-40BB-A98A-63AEEEFC07CB}.Release|Any CPU.Build.0 = Release|Any CPU
	EndGlobalSection
	GlobalSection(SolutionProperties) = preSolution
		HideSolutionNode = FALSE
	EndGlobalSection
	GlobalSection(ExtensibilityGlobals) = postSolution
		SolutionGuid = {33148BAA-D7AC-4077-919E-EF78E1EF5D05}
	EndGlobalSection
EndGlobal
